
Microsoft Visual Studio Solution File, Format Version 12.00
# Visual Studio Version 16
VisualStudioVersion = 16.0.33529.622
MinimumVisualStudioVersion = 10.0.40219.1
Project("{FAE04EC0-301F-11D3-BF4B-00C04F79EFBC}") = "Calculadora", "Calculadora\Calculadora.csproj", "{1FC75C54-A808-469C-8902-031A9EF28F6C}"
EndProject
Global
	GlobalSection(SolutionConfigurationPlatforms) = preSolution
		Debug|Any CPU = Debug|Any CPU
		Release|Any CPU = Release|Any CPU
	EndGlobalSection
	GlobalSection(ProjectConfigurationPlatforms) = postSolution
		{1FC75C54-A808-469C-8902-031A9EF28F6C}.Debug|Any CPU.ActiveCfg = Debug|Any CPU
		{1FC75C54-A808-469C-8902-031A9EF28F6C}.Debug|Any CPU.Build.0 = Debug|Any CPU
		{1FC75C54-A808-469C-8902-031A9EF28F6C}.Release|Any CPU.ActiveCfg = Release|Any CPU
		{1FC75C54-A808-469C-8902-031A9EF28F6C}.Release|Any CPU.Build.0 = Release|Any CPU
	EndGlobalSection
	GlobalSection(SolutionProperties) = preSolution
		HideSolutionNode = FALSE
	EndGlobalSection
	GlobalSection(ExtensibilityGlobals) = postSolution
		SolutionGuid = {3B5653DE-BD35-440A-A3B9-0934376E61FB}
	EndGlobalSection
EndGlobal
